// !$*UTF8*$!
{
	archiveVersion = 1;
	classes = {
	};
	objectVersion = 55;
	objects = {

/* Begin PBXBuildFile section */
		272041242828AEBD00B4FE96 /* Iqra_aApp.swift in Sources */ = {isa = PBXBuildFile; fileRef = 272041232828AEBD00B4FE96 /* Iqra_aApp.swift */; };
		272041262828AEBD00B4FE96 /* ContentView.swift in Sources */ = {isa = PBXBuildFile; fileRef = 272041252828AEBD00B4FE96 /* ContentView.swift */; };
		272041282828AEC000B4FE96 /* Assets.xcassets in Resources */ = {isa = PBXBuildFile; fileRef = 272041272828AEC000B4FE96 /* Assets.xcassets */; };
		2720412B2828AEC000B4FE96 /* Preview Assets.xcassets in Resources */ = {isa = PBXBuildFile; fileRef = 2720412A2828AEC000B4FE96 /* Preview Assets.xcassets */; };
		272041322828C22400B4FE96 /* MainScreen.swift in Sources */ = {isa = PBXBuildFile; fileRef = 272041312828C22400B4FE96 /* MainScreen.swift */; };
		272041342828C73200B4FE96 /* Dhikr.swift in Sources */ = {isa = PBXBuildFile; fileRef = 272041332828C73200B4FE96 /* Dhikr.swift */; };
		272041362828D85000B4FE96 /* Names.swift in Sources */ = {isa = PBXBuildFile; fileRef = 272041352828D85000B4FE96 /* Names.swift */; };
		27ACD91C2836D86A009FC624 /* ActionSheetDhikr.swift in Sources */ = {isa = PBXBuildFile; fileRef = 27ACD91B2836D86A009FC624 /* ActionSheetDhikr.swift */; };
/* End PBXBuildFile section */

/* Begin PBXFileReference section */
		272041202828AEBD00B4FE96 /* Iqra'a.app */ = {isa = PBXFileReference; explicitFileType = wrapper.application; includeInIndex = 0; path = "Iqra'a.app"; sourceTree = BUILT_PRODUCTS_DIR; };
		272041232828AEBD00B4FE96 /* Iqra_aApp.swift */ = {isa = PBXFileReference; lastKnownFileType = sourcecode.swift; path = Iqra_aApp.swift; sourceTree = "<group>"; };
		272041252828AEBD00B4FE96 /* ContentView.swift */ = {isa = PBXFileReference; lastKnownFileType = sourcecode.swift; path = ContentView.swift; sourceTree = "<group>"; };
		272041272828AEC000B4FE96 /* Assets.xcassets */ = {isa = PBXFileReference; lastKnownFileType = folder.assetcatalog; path = Assets.xcassets; sourceTree = "<group>"; };
		2720412A2828AEC000B4FE96 /* Preview Assets.xcassets */ = {isa = PBXFileReference; lastKnownFileType = folder.assetcatalog; path = "Preview Assets.xcassets"; sourceTree = "<group>"; };
		272041312828C22400B4FE96 /* MainScreen.swift */ = {isa = PBXFileReference; lastKnownFileType = sourcecode.swift; path = MainScreen.swift; sourceTree = "<group>"; };
		272041332828C73200B4FE96 /* Dhikr.swift */ = {isa = PBXFileReference; lastKnownFileType = sourcecode.swift; path = Dhikr.swift; sourceTree = "<group>"; };
		272041352828D85000B4FE96 /* Names.swift */ = {isa = PBXFileReference; lastKnownFileType = sourcecode.swift; path = Names.swift; sourceTree = "<group>"; };
		27ACD91B2836D86A009FC624 /* ActionSheetDhikr.swift */ = {isa = PBXFileReference; lastKnownFileType = sourcecode.swift; path = ActionSheetDhikr.swift; sourceTree = "<group>"; };
/* End PBXFileReference section */

/* Begin PBXFrameworksBuildPhase section */
		2720411D2828AEBD00B4FE96 /* Frameworks */ = {
			isa = PBXFrameworksBuildPhase;
			buildActionMask = 2147483647;
			files = (
			);
			runOnlyForDeploymentPostprocessing = 0;
		};
/* End PBXFrameworksBuildPhase section */

/* Begin PBXGroup section */
		272041172828AEBD00B4FE96 = {
			isa = PBXGroup;
			children = (
				272041222828AEBD00B4FE96 /* Iqra'a */,
				272041212828AEBD00B4FE96 /* Products */,
			);
			sourceTree = "<group>";
		};
		272041212828AEBD00B4FE96 /* Products */ = {
			isa = PBXGroup;
			children = (
				272041202828AEBD00B4FE96 /* Iqra'a.app */,
			);
			name = Products;
			sourceTree = "<group>";
		};
		272041222828AEBD00B4FE96 /* Iqra'a */ = {
			isa = PBXGroup;
			children = (
				272041232828AEBD00B4FE96 /* Iqra_aApp.swift */,
				27ACD91B2836D86A009FC624 /* ActionSheetDhikr.swift */,
				272041352828D85000B4FE96 /* Names.swift */,
				272041332828C73200B4FE96 /* Dhikr.swift */,
				272041312828C22400B4FE96 /* MainScreen.swift */,
				272041252828AEBD00B4FE96 /* ContentView.swift */,
				272041272828AEC000B4FE96 /* Assets.xcassets */,
				272041292828AEC000B4FE96 /* Preview Content */,
			);
			path = "Iqra'a";
			sourceTree = "<group>";
		};
		272041292828AEC000B4FE96 /* Preview Content */ = {
			isa = PBXGroup;
			children = (
				2720412A2828AEC000B4FE96 /* Preview Assets.xcassets */,
			);
			path = "Preview Content";
			sourceTree = "<group>";
		};
/* End PBXGroup section */

/* Begin PBXNativeTarget section */
		2720411F2828AEBD00B4FE96 /* Iqra'a */ = {
			isa = PBXNativeTarget;
			buildConfigurationList = 2720412E2828AEC000B4FE96 /* Build configuration list for PBXNativeTarget "Iqra'a" */;
			buildPhases = (
				2720411C2828AEBD00B4FE96 /* Sources */,
				2720411D2828AEBD00B4FE96 /* Frameworks */,
				2720411E2828AEBD00B4FE96 /* Resources */,
			);
			buildRules = (
			);
			dependencies = (
			);
			name = "Iqra'a";
			productName = "Iqra'a";
			productReference = 272041202828AEBD00B4FE96 /* Iqra'a.app */;
			productType = "com.apple.product-type.application";
		};
/* End PBXNativeTarget section */

/* Begin PBXProject section */
		272041182828AEBD00B4FE96 /* Project object */ = {
			isa = PBXProject;
			attributes = {
				BuildIndependentTargetsInParallel = 1;
				LastSwiftUpdateCheck = 1330;
				LastUpgradeCheck = 1330;
				TargetAttributes = {
					2720411F2828AEBD00B4FE96 = {
						CreatedOnToolsVersion = 13.3.1;
					};
				};
			};
			buildConfigurationList = 2720411B2828AEBD00B4FE96 /* Build configuration list for PBXProject "Iqra'a" */;
			compatibilityVersion = "Xcode 13.0";
			developmentRegion = en;
			hasScannedForEncodings = 0;
			knownRegions = (
				en,
				Base,
			);
			mainGroup = 272041172828AEBD00B4FE96;
			productRefGroup = 272041212828AEBD00B4FE96 /* Products */;
			projectDirPath = "";
			projectRoot = "";
			targets = (
				2720411F2828AEBD00B4FE96 /* Iqra'a */,
			);
		};
/* End PBXProject section */

/* Begin PBXResourcesBuildPhase section */
		2720411E2828AEBD00B4FE96 /* Resources */ = {
			isa = PBXResourcesBuildPhase;
			buildActionMask = 2147483647;
			files = (
				2720412B2828AEC000B4FE96 /* Preview Assets.xcassets in Resources */,
				272041282828AEC000B4FE96 /* Assets.xcassets in Resources */,
			);
			runOnlyForDeploymentPostprocessing = 0;
		};
/* End PBXResourcesBuildPhase section */

/* Begin PBXSourcesBuildPhase section */
		2720411C2828AEBD00B4FE96 /* Sources */ = {
			isa = PBXSourcesBuildPhase;
			buildActionMask = 2147483647;
			files = (
				272041362828D85000B4FE96 /* Names.swift in Sources */,
				272041342828C73200B4FE96 /* Dhikr.swift in Sources */,
				272041322828C22400B4FE96 /* MainScreen.swift in Sources */,
				272041262828AEBD00B4FE96 /* ContentView.swift in Sources */,
				27ACD91C2836D86A009FC624 /* ActionSheetDhikr.swift in Sources */,
				272041242828AEBD00B4FE96 /* Iqra_aApp.swift in Sources */,
			);
			runOnlyForDeploymentPostprocessing = 0;
		};
/* End PBXSourcesBuildPhase section */

/* Begin XCBuildConfiguration section */
		2720412C2828AEC000B4FE96 /* Debug */ = {
			isa = XCBuildConfiguration;
			buildSettings = {
				ALWAYS_SEARCH_USER_PATHS = NO;
				CLANG_ANALYZER_NONNULL = YES;
				CLANG_ANALYZER_NUMBER_OBJECT_CONVERSION = YES_AGGRESSIVE;
				CLANG_CXX_LANGUAGE_STANDARD = "gnu++17";
				CLANG_ENABLE_MODULES = YES;
				CLANG_ENABLE_OBJC_ARC = YES;
				CLANG_ENABLE_OBJC_WEAK = YES;
				CLANG_WARN_BLOCK_CAPTURE_AUTORELEASING = YES;
				CLANG_WARN_BOOL_CONVERSION = YES;
				CLANG_WARN_COMMA = YES;
				CLANG_WARN_CONSTANT_CONVERSION = YES;
				CLANG_WARN_DEPRECATED_OBJC_IMPLEMENTATIONS = YES;
				CLANG_WARN_DIRECT_OBJC_ISA_USAGE = YES_ERROR;
				CLANG_WARN_DOCUMENTATION_COMMENTS = YES;
				CLANG_WARN_EMPTY_BODY = YES;
				CLANG_WARN_ENUM_CONVERSION = YES;
				CLANG_WARN_INFINITE_RECURSION = YES;
				CLANG_WARN_INT_CONVERSION = YES;
				CLANG_WARN_NON_LITERAL_NULL_CONVERSION = YES;
				CLANG_WARN_OBJC_IMPLICIT_RETAIN_SELF = YES;
				CLANG_WARN_OBJC_LITERAL_CONVERSION = YES;
				CLANG_WARN_OBJC_ROOT_CLASS = YES_ERROR;
				CLANG_WARN_QUOTED_INCLUDE_IN_FRAMEWORK_HEADER = YES;
				CLANG_WARN_RANGE_LOOP_ANALYSIS = YES;
				CLANG_WARN_STRICT_PROTOTYPES = YES;
				CLANG_WARN_SUSPICIOUS_MOVE = YES;
				CLANG_WARN_UNGUARDED_AVAILABILITY = YES_AGGRESSIVE;
				CLANG_WARN_UNREACHABLE_CODE = YES;
				CLANG_WARN__DUPLICATE_METHOD_MATCH = YES;
				COPY_PHASE_STRIP = NO;
				DEBUG_INFORMATION_FORMAT = dwarf;
				ENABLE_STRICT_OBJC_MSGSEND = YES;
				ENABLE_TESTABILITY = YES;
				GCC_C_LANGUAGE_STANDARD = gnu11;
				GCC_DYNAMIC_NO_PIC = NO;
				GCC_NO_COMMON_BLOCKS = YES;
				GCC_OPTIMIZATION_LEVEL = 0;
				GCC_PREPROCESSOR_DEFINITIONS = (
					"DEBUG=1",
					"$(inherited)",
				);
				GCC_WARN_64_TO_32_BIT_CONVERSION = YES;
				GCC_WARN_ABOUT_RETURN_TYPE = YES_ERROR;
				GCC_WARN_UNDECLARED_SELECTOR = YES;
				GCC_WARN_UNINITIALIZED_AUTOS = YES_AGGRESSIVE;
				GCC_WARN_UNUSED_FUNCTION = YES;
				GCC_WARN_UNUSED_VARIABLE = YES;
				IPHONEOS_DEPLOYMENT_TARGET = 15.4;
				MTL_ENABLE_DEBUG_INFO = INCLUDE_SOURCE;
				MTL_FAST_MATH = YES;
				ONLY_ACTIVE_ARCH = YES;
				SDKROOT = iphoneos;
				SWIFT_ACTIVE_COMPILATION_CONDITIONS = DEBUG;
				SWIFT_OPTIMIZATION_LEVEL = "-Onone";
			};
			name = Debug;
		};
		2720412D2828AEC000B4FE96 /* Release */ = {
			isa = XCBuildConfiguration;
			buildSettings = {
				ALWAYS_SEARCH_USER_PATHS = NO;
				CLANG_ANALYZER_NONNULL = YES;
				CLANG_ANALYZER_NUMBER_OBJECT_CONVERSION = YES_AGGRESSIVE;
				CLANG_CXX_LANGUAGE_STANDARD = "gnu++17";
				CLANG_ENABLE_MODULES = YES;
				CLANG_ENABLE_OBJC_ARC = YES;
				CLANG_ENABLE_OBJC_WEAK = YES;
				CLANG_WARN_BLOCK_CAPTURE_AUTORELEASING = YES;
				CLANG_WARN_BOOL_CONVERSION = YES;
				CLANG_WARN_COMMA = YES;
				CLANG_WARN_CONSTANT_CONVERSION = YES;
				CLANG_WARN_DEPRECATED_OBJC_IMPLEMENTATIONS = YES;
				CLANG_WARN_DIRECT_OBJC_ISA_USAGE = YES_ERROR;
				CLANG_WARN_DOCUMENTATION_COMMENTS = YES;
				CLANG_WARN_EMPTY_BODY = YES;
				CLANG_WARN_ENUM_CONVERSION = YES;
				CLANG_WARN_INFINITE_RECURSION = YES;
				CLANG_WARN_INT_CONVERSION = YES;
				CLANG_WARN_NON_LITERAL_NULL_CONVERSION = YES;
				CLANG_WARN_OBJC_IMPLICIT_RETAIN_SELF = YES;
				CLANG_WARN_OBJC_LITERAL_CONVERSION = YES;
				CLANG_WARN_OBJC_ROOT_CLASS = YES_ERROR;
				CLANG_WARN_QUOTED_INCLUDE_IN_FRAMEWORK_HEADER = YES;
				CLANG_WARN_RANGE_LOOP_ANALYSIS = YES;
				CLANG_WARN_STRICT_PROTOTYPES = YES;
				CLANG_WARN_SUSPICIOUS_MOVE = YES;
				CLANG_WARN_UNGUARDED_AVAILABILITY = YES_AGGRESSIVE;
				CLANG_WARN_UNREACHABLE_CODE = YES;
				CLANG_WARN__DUPLICATE_METHOD_MATCH = YES;
				COPY_PHASE_STRIP = NO;
				DEBUG_INFORMATION_FORMAT = "dwarf-with-dsym";
				ENABLE_NS_ASSERTIONS = NO;
				ENABLE_STRICT_OBJC_MSGSEND = YES;
				GCC_C_LANGUAGE_STANDARD = gnu11;
				GCC_NO_COMMON_BLOCKS = YES;
				GCC_WARN_64_TO_32_BIT_CONVERSION = YES;
				GCC_WARN_ABOUT_RETURN_TYPE = YES_ERROR;
				GCC_WARN_UNDECLARED_SELECTOR = YES;
				GCC_WARN_UNINITIALIZED_AUTOS = YES_AGGRESSIVE;
				GCC_WARN_UNUSED_FUNCTION = YES;
				GCC_WARN_UNUSED_VARIABLE = YES;
				IPHONEOS_DEPLOYMENT_TARGET = 15.4;
				MTL_ENABLE_DEBUG_INFO = NO;
				MTL_FAST_MATH = YES;
				SDKROOT = iphoneos;
				SWIFT_COMPILATION_MODE = wholemodule;
				SWIFT_OPTIMIZATION_LEVEL = "-O";
				VALIDATE_PRODUCT = YES;
			};
			name = Release;
		};
		2720412F2828AEC000B4FE96 /* Debug */ = {
			isa = XCBuildConfiguration;
			buildSettings = {
				ASSETCATALOG_COMPILER_APPICON_NAME = AppIcon;
				ASSETCATALOG_COMPILER_GLOBAL_ACCENT_COLOR_NAME = AccentColor;
				CODE_SIGN_STYLE = Automatic;
				CURRENT_PROJECT_VERSION = 1;
				DEVELOPMENT_ASSET_PATHS = "\"Iqra'a/Preview Content\"";
				DEVELOPMENT_TEAM = J285UN6SDD;
				ENABLE_PREVIEWS = YES;
				GENERATE_INFOPLIST_FILE = YES;
				INFOPLIST_KEY_UIApplicationSceneManifest_Generation = YES;
				INFOPLIST_KEY_UIApplicationSupportsIndirectInputEvents = YES;
				INFOPLIST_KEY_UILaunchScreen_Generation = YES;
				INFOPLIST_KEY_UISupportedInterfaceOrientations_iPad = "UIInterfaceOrientationPortrait UIInterfaceOrientationPortraitUpsideDown UIInterfaceOrientationLandscapeLeft UIInterfaceOrientationLandscapeRight";
				INFOPLIST_KEY_UISupportedInterfaceOrientations_iPhone = "UIInterfaceOrientationPortrait UIInterfaceOrientationLandscapeLeft UIInterfaceOrientationLandscapeRight";
				LD_RUNPATH_SEARCH_PATHS = (
					"$(inherited)",
					"@executable_path/Frameworks",
				);
				MARKETING_VERSION = 1.0;
				PRODUCT_BUNDLE_IDENTIFIER = "Daukes-Nurmukhan.Iqra-a";
				PRODUCT_NAME = "$(TARGET_NAME)";
				SWIFT_EMIT_LOC_STRINGS = YES;
				SWIFT_VERSION = 5.0;
				TARGETED_DEVICE_FAMILY = "1,2";
			};
			name = Debug;
		};
		272041302828AEC000B4FE96 /* Release */ = {
			isa = XCBuildConfiguration;
			buildSettings = {
				ASSETCATALOG_COMPILER_APPICON_NAME = AppIcon;
				ASSETCATALOG_COMPILER_GLOBAL_ACCENT_COLOR_NAME = AccentColor;
				CODE_SIGN_STYLE = Automatic;
				CURRENT_PROJECT_VERSION = 1;
				DEVELOPMENT_ASSET_PATHS = "\"Iqra'a/Preview Content\"";
				DEVELOPMENT_TEAM = J285UN6SDD;
				ENABLE_PREVIEWS = YES;
				GENERATE_INFOPLIST_FILE = YES;
				INFOPLIST_KEY_UIApplicationSceneManifest_Generation = YES;
				INFOPLIST_KEY_UIApplicationSupportsIndirectInputEvents = YES;
				INFOPLIST_KEY_UILaunchScreen_Generation = YES;
				INFOPLIST_KEY_UISupportedInterfaceOrientations_iPad = "UIInterfaceOrientationPortrait UIInterfaceOrientationPortraitUpsideDown UIInterfaceOrientationLandscapeLeft UIInterfaceOrientationLandscapeRight";
				INFOPLIST_KEY_UISupportedInterfaceOrientations_iPhone = "UIInterfaceOrientationPortrait UIInterfaceOrientationLandscapeLeft UIInterfaceOrientationLandscapeRight";
				LD_RUNPATH_SEARCH_PATHS = (
					"$(inherited)",
					"@executable_path/Frameworks",
				);
				MARKETING_VERSION = 1.0;
				PRODUCT_BUNDLE_IDENTIFIER = "Daukes-Nurmukhan.Iqra-a";
				PRODUCT_NAME = "$(TARGET_NAME)";
				SWIFT_EMIT_LOC_STRINGS = YES;
				SWIFT_VERSION = 5.0;
				TARGETED_DEVICE_FAMILY = "1,2";
			};
			name = Release;
		};
/* End XCBuildConfiguration section */

/* Begin XCConfigurationList section */
		2720411B2828AEBD00B4FE96 /* Build configuration list for PBXProject "Iqra'a" */ = {
			isa = XCConfigurationList;
			buildConfigurations = (
				2720412C2828AEC000B4FE96 /* Debug */,
				2720412D2828AEC000B4FE96 /* Release */,
			);
			defaultConfigurationIsVisible = 0;
			defaultConfigurationName = Release;
		};
		2720412E2828AEC000B4FE96 /* Build configuration list for PBXNativeTarget "Iqra'a" */ = {
			isa = XCConfigurationList;
			buildConfigurations = (
				2720412F2828AEC000B4FE96 /* Debug */,
				272041302828AEC000B4FE96 /* Release */,
			);
			defaultConfigurationIsVisible = 0;
			defaultConfigurationName = Release;
		};
/* End XCConfigurationList section */
	};
	rootObject = 272041182828AEBD00B4FE96 /* Project object */;
}
